
Microsoft Visual Studio Solution File, Format Version 12.00
# Visual Studio 2012
Project("{FAE04EC0-301F-11D3-BF4B-00C04F79EFBC}") = "UASAPI", "UASAPI\UASAPI.csproj", "{4F62F965-92D2-46F1-9176-4D1AADFC4803}"
EndProject
Global
	GlobalSection(SolutionConfigurationPlatforms) = preSolution
		Debug|Any CPU = Debug|Any CPU
		Release|Any CPU = Release|Any CPU
	EndGlobalSection
	GlobalSection(ProjectConfigurationPlatforms) = postSolution
		{4F62F965-92D2-46F1-9176-4D1AADFC4803}.Debug|Any CPU.ActiveCfg = Debug|Any CPU
		{4F62F965-92D2-46F1-9176-4D1AADFC4803}.Debug|Any CPU.Build.0 = Debug|Any CPU
		{4F62F965-92D2-46F1-9176-4D1AADFC4803}.Release|Any CPU.ActiveCfg = Release|Any CPU
		{4F62F965-92D2-46F1-9176-4D1AADFC4803}.Release|Any CPU.Build.0 = Release|Any CPU
	EndGlobalSection
	GlobalSection(SolutionProperties) = preSolution
		HideSolutionNode = FALSE
	EndGlobalSection
EndGlobal
